
Microsoft Visual Studio Solution File, Format Version 12.00
# Visual Studio Version 16
VisualStudioVersion = 16.0.32510.428
MinimumVisualStudioVersion = 10.0.40219.1
Project("{159641D6-6404-4A2A-AE62-294DE0FE8301}") = "restaurantsDWIntegration", "restaurantsDWIntegration\restaurantsDWIntegration.dtproj", "{437B14E6-DFE9-4B0E-A3B3-211FF90E4B0D}"
EndProject
Global
	GlobalSection(SolutionConfigurationPlatforms) = preSolution
		Development|Default = Development|Default
	EndGlobalSection
	GlobalSection(ProjectConfigurationPlatforms) = postSolution
		{437B14E6-DFE9-4B0E-A3B3-211FF90E4B0D}.Development|Default.ActiveCfg = Development
		{437B14E6-DFE9-4B0E-A3B3-211FF90E4B0D}.Development|Default.Build.0 = Development
	EndGlobalSection
	GlobalSection(SolutionProperties) = preSolution
		HideSolutionNode = FALSE
	EndGlobalSection
	GlobalSection(ExtensibilityGlobals) = postSolution
		SolutionGuid = {613EC2F2-3105-4E6C-A320-EE182DC0F0FC}
	EndGlobalSection
EndGlobal
